
Microsoft Visual Studio Solution File, Format Version 12.00
# Visual Studio Version 16
VisualStudioVersion = 16.0.30011.22
MinimumVisualStudioVersion = 10.0.40219.1
Project("{FAE04EC0-301F-11D3-BF4B-00C04F79EFBC}") = "BasicsTorrent", "BasicsTorrent\BasicsTorrent.csproj", "{38910152-35D5-469F-96A0-91E4E7843692}"
EndProject
Project("{FAE04EC0-301F-11D3-BF4B-00C04F79EFBC}") = "BasicsTorrentTest", "BasicsTorrentTest\BasicsTorrentTest.csproj", "{956768BE-124C-4947-B567-E9031A85D7EF}"
EndProject
Global
	GlobalSection(SolutionConfigurationPlatforms) = preSolution
		Debug|Any CPU = Debug|Any CPU
		Release|Any CPU = Release|Any CPU
	EndGlobalSection
	GlobalSection(ProjectConfigurationPlatforms) = postSolution
		{38910152-35D5-469F-96A0-91E4E7843692}.Debug|Any CPU.ActiveCfg = Debug|Any CPU
		{38910152-35D5-469F-96A0-91E4E7843692}.Debug|Any CPU.Build.0 = Debug|Any CPU
		{38910152-35D5-469F-96A0-91E4E7843692}.Release|Any CPU.ActiveCfg = Release|Any CPU
		{38910152-35D5-469F-96A0-91E4E7843692}.Release|Any CPU.Build.0 = Release|Any CPU
		{956768BE-124C-4947-B567-E9031A85D7EF}.Debug|Any CPU.ActiveCfg = Debug|Any CPU
		{956768BE-124C-4947-B567-E9031A85D7EF}.Debug|Any CPU.Build.0 = Debug|Any CPU
		{956768BE-124C-4947-B567-E9031A85D7EF}.Release|Any CPU.ActiveCfg = Release|Any CPU
		{956768BE-124C-4947-B567-E9031A85D7EF}.Release|Any CPU.Build.0 = Release|Any CPU
	EndGlobalSection
	GlobalSection(SolutionProperties) = preSolution
		HideSolutionNode = FALSE
	EndGlobalSection
	GlobalSection(ExtensibilityGlobals) = postSolution
		SolutionGuid = {E09AFC34-9713-4E75-951C-3C4FA8DECAB3}
	EndGlobalSection
EndGlobal
